// !$*UTF8*$!
{
	archiveVersion = 1;
	classes = {
	};
	objectVersion = 48;
	objects = {

/* Begin PBXBuildFile section */
		9ACC7D551F9884D9007D085F /* AppDelegate.swift in Sources */ = {isa = PBXBuildFile; fileRef = 9ACC7D541F9884D9007D085F /* AppDelegate.swift */; };
		9ACC7D571F9884D9007D085F /* ViewController.swift in Sources */ = {isa = PBXBuildFile; fileRef = 9ACC7D561F9884D9007D085F /* ViewController.swift */; };
		9ACC7D5A1F9884D9007D085F /* Main.storyboard in Resources */ = {isa = PBXBuildFile; fileRef = 9ACC7D581F9884D9007D085F /* Main.storyboard */; };
		9ACC7D5C1F9884D9007D085F /* Assets.xcassets in Resources */ = {isa = PBXBuildFile; fileRef = 9ACC7D5B1F9884D9007D085F /* Assets.xcassets */; };
		9ACC7D5F1F9884D9007D085F /* LaunchScreen.storyboard in Resources */ = {isa = PBXBuildFile; fileRef = 9ACC7D5D1F9884D9007D085F /* LaunchScreen.storyboard */; };
		9ACC7D6A1F9884D9007D085F /* NewCellCustomCellTests.swift in Sources */ = {isa = PBXBuildFile; fileRef = 9ACC7D691F9884D9007D085F /* NewCellCustomCellTests.swift */; };
		9ACC7D751F9884D9007D085F /* NewCellCustomCellUITests.swift in Sources */ = {isa = PBXBuildFile; fileRef = 9ACC7D741F9884D9007D085F /* NewCellCustomCellUITests.swift */; };
		9ACC7D831F988973007D085F /* CustomCellTableViewController.swift in Sources */ = {isa = PBXBuildFile; fileRef = 9ACC7D821F988973007D085F /* CustomCellTableViewController.swift */; };
		9ACC7D851F9889DF007D085F /* BeritaTableViewCell.swift in Sources */ = {isa = PBXBuildFile; fileRef = 9ACC7D841F9889DF007D085F /* BeritaTableViewCell.swift */; };
		9ACC7D8B1F988ED0007D085F /* berita2.jpg in Resources */ = {isa = PBXBuildFile; fileRef = 9ACC7D861F988ECF007D085F /* berita2.jpg */; };
		9ACC7D8C1F988ED0007D085F /* berita5.jpg in Resources */ = {isa = PBXBuildFile; fileRef = 9ACC7D871F988ECF007D085F /* berita5.jpg */; };
		9ACC7D8D1F988ED0007D085F /* berita3.jpg in Resources */ = {isa = PBXBuildFile; fileRef = 9ACC7D881F988ECF007D085F /* berita3.jpg */; };
		9ACC7D8E1F988ED0007D085F /* berita1.jpeg in Resources */ = {isa = PBXBuildFile; fileRef = 9ACC7D891F988ECF007D085F /* berita1.jpeg */; };
		9ACC7D8F1F988ED0007D085F /* berita4.jpg in Resources */ = {isa = PBXBuildFile; fileRef = 9ACC7D8A1F988ECF007D085F /* berita4.jpg */; };
/* End PBXBuildFile section */

/* Begin PBXContainerItemProxy section */
		9ACC7D661F9884D9007D085F /* PBXContainerItemProxy */ = {
			isa = PBXContainerItemProxy;
			containerPortal = 9ACC7D491F9884D9007D085F /* Project object */;
			proxyType = 1;
			remoteGlobalIDString = 9ACC7D501F9884D9007D085F;
			remoteInfo = NewCellCustomCell;
		};
		9ACC7D711F9884D9007D085F /* PBXContainerItemProxy */ = {
			isa = PBXContainerItemProxy;
			containerPortal = 9ACC7D491F9884D9007D085F /* Project object */;
			proxyType = 1;
			remoteGlobalIDString = 9ACC7D501F9884D9007D085F;
			remoteInfo = NewCellCustomCell;
		};
/* End PBXContainerItemProxy section */

/* Begin PBXFileReference section */
		9ACC7D511F9884D9007D085F /* NewCellCustomCell.app */ = {isa = PBXFileReference; explicitFileType = wrapper.application; includeInIndex = 0; path = NewCellCustomCell.app; sourceTree = BUILT_PRODUCTS_DIR; };
		9ACC7D541F9884D9007D085F /* AppDelegate.swift */ = {isa = PBXFileReference; lastKnownFileType = sourcecode.swift; path = AppDelegate.swift; sourceTree = "<group>"; };
		9ACC7D561F9884D9007D085F /* ViewController.swift */ = {isa = PBXFileReference; lastKnownFileType = sourcecode.swift; path = ViewController.swift; sourceTree = "<group>"; };
		9ACC7D591F9884D9007D085F /* Base */ = {isa = PBXFileReference; lastKnownFileType = file.storyboard; name = Base; path = Base.lproj/Main.storyboard; sourceTree = "<group>"; };
		9ACC7D5B1F9884D9007D085F /* Assets.xcassets */ = {isa = PBXFileReference; lastKnownFileType = folder.assetcatalog; path = Assets.xcassets; sourceTree = "<group>"; };
		9ACC7D5E1F9884D9007D085F /* Base */ = {isa = PBXFileReference; lastKnownFileType = file.storyboard; name = Base; path = Base.lproj/LaunchScreen.storyboard; sourceTree = "<group>"; };
		9ACC7D601F9884D9007D085F /* Info.plist */ = {isa = PBXFileReference; lastKnownFileType = text.plist.xml; path = Info.plist; sourceTree = "<group>"; };
		9ACC7D651F9884D9007D085F /* NewCellCustomCellTests.xctest */ = {isa = PBXFileReference; explicitFileType = wrapper.cfbundle; includeInIndex = 0; path = NewCellCustomCellTests.xctest; sourceTree = BUILT_PRODUCTS_DIR; };
		9ACC7D691F9884D9007D085F /* NewCellCustomCellTests.swift */ = {isa = PBXFileReference; lastKnownFileType = sourcecode.swift; path = NewCellCustomCellTests.swift; sourceTree = "<group>"; };
		9ACC7D6B1F9884D9007D085F /* Info.plist */ = {isa = PBXFileReference; lastKnownFileType = text.plist.xml; path = Info.plist; sourceTree = "<group>"; };
		9ACC7D701F9884D9007D085F /* NewCellCustomCellUITests.xctest */ = {isa = PBXFileReference; explicitFileType = wrapper.cfbundle; includeInIndex = 0; path = NewCellCustomCellUITests.xctest; sourceTree = BUILT_PRODUCTS_DIR; };
		9ACC7D741F9884D9007D085F /* NewCellCustomCellUITests.swift */ = {isa = PBXFileReference; lastKnownFileType = sourcecode.swift; path = NewCellCustomCellUITests.swift; sourceTree = "<group>"; };
		9ACC7D761F9884D9007D085F /* Info.plist */ = {isa = PBXFileReference; lastKnownFileType = text.plist.xml; path = Info.plist; sourceTree = "<group>"; };
		9ACC7D821F988973007D085F /* CustomCellTableViewController.swift */ = {isa = PBXFileReference; lastKnownFileType = sourcecode.swift; path = CustomCellTableViewController.swift; sourceTree = "<group>"; };
		9ACC7D841F9889DF007D085F /* BeritaTableViewCell.swift */ = {isa = PBXFileReference; lastKnownFileType = sourcecode.swift; path = BeritaTableViewCell.swift; sourceTree = "<group>"; };
		9ACC7D861F988ECF007D085F /* berita2.jpg */ = {isa = PBXFileReference; lastKnownFileType = image.jpeg; path = berita2.jpg; sourceTree = "<group>"; };
		9ACC7D871F988ECF007D085F /* berita5.jpg */ = {isa = PBXFileReference; lastKnownFileType = image.jpeg; path = berita5.jpg; sourceTree = "<group>"; };
		9ACC7D881F988ECF007D085F /* berita3.jpg */ = {isa = PBXFileReference; lastKnownFileType = image.jpeg; path = berita3.jpg; sourceTree = "<group>"; };
		9ACC7D891F988ECF007D085F /* berita1.jpeg */ = {isa = PBXFileReference; lastKnownFileType = image.jpeg; path = berita1.jpeg; sourceTree = "<group>"; };
		9ACC7D8A1F988ECF007D085F /* berita4.jpg */ = {isa = PBXFileReference; lastKnownFileType = image.jpeg; path = berita4.jpg; sourceTree = "<group>"; };
/* End PBXFileReference section */

/* Begin PBXFrameworksBuildPhase section */
		9ACC7D4E1F9884D9007D085F /* Frameworks */ = {
			isa = PBXFrameworksBuildPhase;
			buildActionMask = 2147483647;
			files = (
			);
			runOnlyForDeploymentPostprocessing = 0;
		};
		9ACC7D621F9884D9007D085F /* Frameworks */ = {
			isa = PBXFrameworksBuildPhase;
			buildActionMask = 2147483647;
			files = (
			);
			runOnlyForDeploymentPostprocessing = 0;
		};
		9ACC7D6D1F9884D9007D085F /* Frameworks */ = {
			isa = PBXFrameworksBuildPhase;
			buildActionMask = 2147483647;
			files = (
			);
			runOnlyForDeploymentPostprocessing = 0;
		};
/* End PBXFrameworksBuildPhase section */

/* Begin PBXGroup section */
		9ACC7D481F9884D9007D085F = {
			isa = PBXGroup;
			children = (
				9ACC7D531F9884D9007D085F /* NewCellCustomCell */,
				9ACC7D681F9884D9007D085F /* NewCellCustomCellTests */,
				9ACC7D731F9884D9007D085F /* NewCellCustomCellUITests */,
				9ACC7D521F9884D9007D085F /* Products */,
			);
			sourceTree = "<group>";
		};
		9ACC7D521F9884D9007D085F /* Products */ = {
			isa = PBXGroup;
			children = (
				9ACC7D511F9884D9007D085F /* NewCellCustomCell.app */,
				9ACC7D651F9884D9007D085F /* NewCellCustomCellTests.xctest */,
				9ACC7D701F9884D9007D085F /* NewCellCustomCellUITests.xctest */,
			);
			name = Products;
			sourceTree = "<group>";
		};
		9ACC7D531F9884D9007D085F /* NewCellCustomCell */ = {
			isa = PBXGroup;
			children = (
				9ACC7D891F988ECF007D085F /* berita1.jpeg */,
				9ACC7D861F988ECF007D085F /* berita2.jpg */,
				9ACC7D881F988ECF007D085F /* berita3.jpg */,
				9ACC7D8A1F988ECF007D085F /* berita4.jpg */,
				9ACC7D871F988ECF007D085F /* berita5.jpg */,
				9ACC7D541F9884D9007D085F /* AppDelegate.swift */,
				9ACC7D561F9884D9007D085F /* ViewController.swift */,
				9ACC7D581F9884D9007D085F /* Main.storyboard */,
				9ACC7D5B1F9884D9007D085F /* Assets.xcassets */,
				9ACC7D5D1F9884D9007D085F /* LaunchScreen.storyboard */,
				9ACC7D601F9884D9007D085F /* Info.plist */,
				9ACC7D821F988973007D085F /* CustomCellTableViewController.swift */,
				9ACC7D841F9889DF007D085F /* BeritaTableViewCell.swift */,
			);
			path = NewCellCustomCell;
			sourceTree = "<group>";
		};
		9ACC7D681F9884D9007D085F /* NewCellCustomCellTests */ = {
			isa = PBXGroup;
			children = (
				9ACC7D691F9884D9007D085F /* NewCellCustomCellTests.swift */,
				9ACC7D6B1F9884D9007D085F /* Info.plist */,
			);
			path = NewCellCustomCellTests;
			sourceTree = "<group>";
		};
		9ACC7D731F9884D9007D085F /* NewCellCustomCellUITests */ = {
			isa = PBXGroup;
			children = (
				9ACC7D741F9884D9007D085F /* NewCellCustomCellUITests.swift */,
				9ACC7D761F9884D9007D085F /* Info.plist */,
			);
			path = NewCellCustomCellUITests;
			sourceTree = "<group>";
		};
/* End PBXGroup section */

/* Begin PBXNativeTarget section */
		9ACC7D501F9884D9007D085F /* NewCellCustomCell */ = {
			isa = PBXNativeTarget;
			buildConfigurationList = 9ACC7D791F9884D9007D085F /* Build configuration list for PBXNativeTarget "NewCellCustomCell" */;
			buildPhases = (
				9ACC7D4D1F9884D9007D085F /* Sources */,
				9ACC7D4E1F9884D9007D085F /* Frameworks */,
				9ACC7D4F1F9884D9007D085F /* Resources */,
			);
			buildRules = (
			);
			dependencies = (
			);
			name = NewCellCustomCell;
			productName = NewCellCustomCell;
			productReference = 9ACC7D511F9884D9007D085F /* NewCellCustomCell.app */;
			productType = "com.apple.product-type.application";
		};
		9ACC7D641F9884D9007D085F /* NewCellCustomCellTests */ = {
			isa = PBXNativeTarget;
			buildConfigurationList = 9ACC7D7C1F9884D9007D085F /* Build configuration list for PBXNativeTarget "NewCellCustomCellTests" */;
			buildPhases = (
				9ACC7D611F9884D9007D085F /* Sources */,
				9ACC7D621F9884D9007D085F /* Frameworks */,
				9ACC7D631F9884D9007D085F /* Resources */,
			);
			buildRules = (
			);
			dependencies = (
				9ACC7D671F9884D9007D085F /* PBXTargetDependency */,
			);
			name = NewCellCustomCellTests;
			productName = NewCellCustomCellTests;
			productReference = 9ACC7D651F9884D9007D085F /* NewCellCustomCellTests.xctest */;
			productType = "com.apple.product-type.bundle.unit-test";
		};
		9ACC7D6F1F9884D9007D085F /* NewCellCustomCellUITests */ = {
			isa = PBXNativeTarget;
			buildConfigurationList = 9ACC7D7F1F9884D9007D085F /* Build configuration list for PBXNativeTarget "NewCellCustomCellUITests" */;
			buildPhases = (
				9ACC7D6C1F9884D9007D085F /* Sources */,
				9ACC7D6D1F9884D9007D085F /* Frameworks */,
				9ACC7D6E1F9884D9007D085F /* Resources */,
			);
			buildRules = (
			);
			dependencies = (
				9ACC7D721F9884D9007D085F /* PBXTargetDependency */,
			);
			name = NewCellCustomCellUITests;
			productName = NewCellCustomCellUITests;
			productReference = 9ACC7D701F9884D9007D085F /* NewCellCustomCellUITests.xctest */;
			productType = "com.apple.product-type.bundle.ui-testing";
		};
/* End PBXNativeTarget section */

/* Begin PBXProject section */
		9ACC7D491F9884D9007D085F /* Project object */ = {
			isa = PBXProject;
			attributes = {
				LastSwiftUpdateCheck = 0900;
				LastUpgradeCheck = 0900;
				ORGANIZATIONNAME = "Rizki Syaputra";
				TargetAttributes = {
					9ACC7D501F9884D9007D085F = {
						CreatedOnToolsVersion = 9.0.1;
						ProvisioningStyle = Automatic;
					};
					9ACC7D641F9884D9007D085F = {
						CreatedOnToolsVersion = 9.0.1;
						ProvisioningStyle = Automatic;
						TestTargetID = 9ACC7D501F9884D9007D085F;
					};
					9ACC7D6F1F9884D9007D085F = {
						CreatedOnToolsVersion = 9.0.1;
						ProvisioningStyle = Automatic;
						TestTargetID = 9ACC7D501F9884D9007D085F;
					};
				};
			};
			buildConfigurationList = 9ACC7D4C1F9884D9007D085F /* Build configuration list for PBXProject "NewCellCustomCell" */;
			compatibilityVersion = "Xcode 8.0";
			developmentRegion = en;
			hasScannedForEncodings = 0;
			knownRegions = (
				en,
				Base,
			);
			mainGroup = 9ACC7D481F9884D9007D085F;
			productRefGroup = 9ACC7D521F9884D9007D085F /* Products */;
			projectDirPath = "";
			projectRoot = "";
			targets = (
				9ACC7D501F9884D9007D085F /* NewCellCustomCell */,
				9ACC7D641F9884D9007D085F /* NewCellCustomCellTests */,
				9ACC7D6F1F9884D9007D085F /* NewCellCustomCellUITests */,
			);
		};
/* End PBXProject section */

/* Begin PBXResourcesBuildPhase section */
		9ACC7D4F1F9884D9007D085F /* Resources */ = {
			isa = PBXResourcesBuildPhase;
			buildActionMask = 2147483647;
			files = (
				9ACC7D8D1F988ED0007D085F /* berita3.jpg in Resources */,
				9ACC7D5F1F9884D9007D085F /* LaunchScreen.storyboard in Resources */,
				9ACC7D8E1F988ED0007D085F /* berita1.jpeg in Resources */,
				9ACC7D5C1F9884D9007D085F /* Assets.xcassets in Resources */,
				9ACC7D5A1F9884D9007D085F /* Main.storyboard in Resources */,
				9ACC7D8F1F988ED0007D085F /* berita4.jpg in Resources */,
				9ACC7D8C1F988ED0007D085F /* berita5.jpg in Resources */,
				9ACC7D8B1F988ED0007D085F /* berita2.jpg in Resources */,
			);
			runOnlyForDeploymentPostprocessing = 0;
		};
		9ACC7D631F9884D9007D085F /* Resources */ = {
			isa = PBXResourcesBuildPhase;
			buildActionMask = 2147483647;
			files = (
			);
			runOnlyForDeploymentPostprocessing = 0;
		};
		9ACC7D6E1F9884D9007D085F /* Resources */ = {
			isa = PBXResourcesBuildPhase;
			buildActionMask = 2147483647;
			files = (
			);
			runOnlyForDeploymentPostprocessing = 0;
		};
/* End PBXResourcesBuildPhase section */

/* Begin PBXSourcesBuildPhase section */
		9ACC7D4D1F9884D9007D085F /* Sources */ = {
			isa = PBXSourcesBuildPhase;
			buildActionMask = 2147483647;
			files = (
				9ACC7D571F9884D9007D085F /* ViewController.swift in Sources */,
				9ACC7D831F988973007D085F /* CustomCellTableViewController.swift in Sources */,
				9ACC7D851F9889DF007D085F /* BeritaTableViewCell.swift in Sources */,
				9ACC7D551F9884D9007D085F /* AppDelegate.swift in Sources */,
			);
			runOnlyForDeploymentPostprocessing = 0;
		};
		9ACC7D611F9884D9007D085F /* Sources */ = {
			isa = PBXSourcesBuildPhase;
			buildActionMask = 2147483647;
			files = (
				9ACC7D6A1F9884D9007D085F /* NewCellCustomCellTests.swift in Sources */,
			);
			runOnlyForDeploymentPostprocessing = 0;
		};
		9ACC7D6C1F9884D9007D085F /* Sources */ = {
			isa = PBXSourcesBuildPhase;
			buildActionMask = 2147483647;
			files = (
				9ACC7D751F9884D9007D085F /* NewCellCustomCellUITests.swift in Sources */,
			);
			runOnlyForDeploymentPostprocessing = 0;
		};
/* End PBXSourcesBuildPhase section */

/* Begin PBXTargetDependency section */
		9ACC7D671F9884D9007D085F /* PBXTargetDependency */ = {
			isa = PBXTargetDependency;
			target = 9ACC7D501F9884D9007D085F /* NewCellCustomCell */;
			targetProxy = 9ACC7D661F9884D9007D085F /* PBXContainerItemProxy */;
		};
		9ACC7D721F9884D9007D085F /* PBXTargetDependency */ = {
			isa = PBXTargetDependency;
			target = 9ACC7D501F9884D9007D085F /* NewCellCustomCell */;
			targetProxy = 9ACC7D711F9884D9007D085F /* PBXContainerItemProxy */;
		};
/* End PBXTargetDependency section */

/* Begin PBXVariantGroup section */
		9ACC7D581F9884D9007D085F /* Main.storyboard */ = {
			isa = PBXVariantGroup;
			children = (
				9ACC7D591F9884D9007D085F /* Base */,
			);
			name = Main.storyboard;
			sourceTree = "<group>";
		};
		9ACC7D5D1F9884D9007D085F /* LaunchScreen.storyboard */ = {
			isa = PBXVariantGroup;
			children = (
				9ACC7D5E1F9884D9007D085F /* Base */,
			);
			name = LaunchScreen.storyboard;
			sourceTree = "<group>";
		};
/* End PBXVariantGroup section */

/* Begin XCBuildConfiguration section */
		9ACC7D771F9884D9007D085F /* Debug */ = {
			isa = XCBuildConfiguration;
			buildSettings = {
				ALWAYS_SEARCH_USER_PATHS = NO;
				CLANG_ANALYZER_NONNULL = YES;
				CLANG_ANALYZER_NUMBER_OBJECT_CONVERSION = YES_AGGRESSIVE;
				CLANG_CXX_LANGUAGE_STANDARD = "gnu++14";
				CLANG_CXX_LIBRARY = "libc++";
				CLANG_ENABLE_MODULES = YES;
				CLANG_ENABLE_OBJC_ARC = YES;
				CLANG_WARN_BLOCK_CAPTURE_AUTORELEASING = YES;
				CLANG_WARN_BOOL_CONVERSION = YES;
				CLANG_WARN_COMMA = YES;
				CLANG_WARN_CONSTANT_CONVERSION = YES;
				CLANG_WARN_DIRECT_OBJC_ISA_USAGE = YES_ERROR;
				CLANG_WARN_DOCUMENTATION_COMMENTS = YES;
				CLANG_WARN_EMPTY_BODY = YES;
				CLANG_WARN_ENUM_CONVERSION = YES;
				CLANG_WARN_INFINITE_RECURSION = YES;
				CLANG_WARN_INT_CONVERSION = YES;
				CLANG_WARN_NON_LITERAL_NULL_CONVERSION = YES;
				CLANG_WARN_OBJC_LITERAL_CONVERSION = YES;
				CLANG_WARN_OBJC_ROOT_CLASS = YES_ERROR;
				CLANG_WARN_RANGE_LOOP_ANALYSIS = YES;
				CLANG_WARN_STRICT_PROTOTYPES = YES;
				CLANG_WARN_SUSPICIOUS_MOVE = YES;
				CLANG_WARN_UNGUARDED_AVAILABILITY = YES_AGGRESSIVE;
				CLANG_WARN_UNREACHABLE_CODE = YES;
				CLANG_WARN__DUPLICATE_METHOD_MATCH = YES;
				CODE_SIGN_IDENTITY = "iPhone Developer";
				COPY_PHASE_STRIP = NO;
				DEBUG_INFORMATION_FORMAT = dwarf;
				ENABLE_STRICT_OBJC_MSGSEND = YES;
				ENABLE_TESTABILITY = YES;
				GCC_C_LANGUAGE_STANDARD = gnu11;
				GCC_DYNAMIC_NO_PIC = NO;
				GCC_NO_COMMON_BLOCKS = YES;
				GCC_OPTIMIZATION_LEVEL = 0;
				GCC_PREPROCESSOR_DEFINITIONS = (
					"DEBUG=1",
					"$(inherited)",
				);
				GCC_WARN_64_TO_32_BIT_CONVERSION = YES;
				GCC_WARN_ABOUT_RETURN_TYPE = YES_ERROR;
				GCC_WARN_UNDECLARED_SELECTOR = YES;
				GCC_WARN_UNINITIALIZED_AUTOS = YES_AGGRESSIVE;
				GCC_WARN_UNUSED_FUNCTION = YES;
				GCC_WARN_UNUSED_VARIABLE = YES;
				IPHONEOS_DEPLOYMENT_TARGET = 11.0;
				MTL_ENABLE_DEBUG_INFO = YES;
				ONLY_ACTIVE_ARCH = YES;
				SDKROOT = iphoneos;
				SWIFT_ACTIVE_COMPILATION_CONDITIONS = DEBUG;
				SWIFT_OPTIMIZATION_LEVEL = "-Onone";
			};
			name = Debug;
		};
		9ACC7D781F9884D9007D085F /* Release */ = {
			isa = XCBuildConfiguration;
			buildSettings = {
				ALWAYS_SEARCH_USER_PATHS = NO;
				CLANG_ANALYZER_NONNULL = YES;
				CLANG_ANALYZER_NUMBER_OBJECT_CONVERSION = YES_AGGRESSIVE;
				CLANG_CXX_LANGUAGE_STANDARD = "gnu++14";
				CLANG_CXX_LIBRARY = "libc++";
				CLANG_ENABLE_MODULES = YES;
				CLANG_ENABLE_OBJC_ARC = YES;
				CLANG_WARN_BLOCK_CAPTURE_AUTORELEASING = YES;
				CLANG_WARN_BOOL_CONVERSION = YES;
				CLANG_WARN_COMMA = YES;
				CLANG_WARN_CONSTANT_CONVERSION = YES;
				CLANG_WARN_DIRECT_OBJC_ISA_USAGE = YES_ERROR;
				CLANG_WARN_DOCUMENTATION_COMMENTS = YES;
				CLANG_WARN_EMPTY_BODY = YES;
				CLANG_WARN_ENUM_CONVERSION = YES;
				CLANG_WARN_INFINITE_RECURSION = YES;
				CLANG_WARN_INT_CONVERSION = YES;
				CLANG_WARN_NON_LITERAL_NULL_CONVERSION = YES;
				CLANG_WARN_OBJC_LITERAL_CONVERSION = YES;
				CLANG_WARN_OBJC_ROOT_CLASS = YES_ERROR;
				CLANG_WARN_RANGE_LOOP_ANALYSIS = YES;
				CLANG_WARN_STRICT_PROTOTYPES = YES;
				CLANG_WARN_SUSPICIOUS_MOVE = YES;
				CLANG_WARN_UNGUARDED_AVAILABILITY = YES_AGGRESSIVE;
				CLANG_WARN_UNREACHABLE_CODE = YES;
				CLANG_WARN__DUPLICATE_METHOD_MATCH = YES;
				CODE_SIGN_IDENTITY = "iPhone Developer";
				COPY_PHASE_STRIP = NO;
				DEBUG_INFORMATION_FORMAT = "dwarf-with-dsym";
				ENABLE_NS_ASSERTIONS = NO;
				ENABLE_STRICT_OBJC_MSGSEND = YES;
				GCC_C_LANGUAGE_STANDARD = gnu11;
				GCC_NO_COMMON_BLOCKS = YES;
				GCC_WARN_64_TO_32_BIT_CONVERSION = YES;
				GCC_WARN_ABOUT_RETURN_TYPE = YES_ERROR;
				GCC_WARN_UNDECLARED_SELECTOR = YES;
				GCC_WARN_UNINITIALIZED_AUTOS = YES_AGGRESSIVE;
				GCC_WARN_UNUSED_FUNCTION = YES;
				GCC_WARN_UNUSED_VARIABLE = YES;
				IPHONEOS_DEPLOYMENT_TARGET = 11.0;
				MTL_ENABLE_DEBUG_INFO = NO;
				SDKROOT = iphoneos;
				SWIFT_OPTIMIZATION_LEVEL = "-Owholemodule";
				VALIDATE_PRODUCT = YES;
			};
			name = Release;
		};
		9ACC7D7A1F9884D9007D085F /* Debug */ = {
			isa = XCBuildConfiguration;
			buildSettings = {
				ASSETCATALOG_COMPILER_APPICON_NAME = AppIcon;
				CODE_SIGN_STYLE = Automatic;
				DEVELOPMENT_TEAM = QN236W67X5;
				INFOPLIST_FILE = NewCellCustomCell/Info.plist;
				LD_RUNPATH_SEARCH_PATHS = "$(inherited) @executable_path/Frameworks";
				PRODUCT_BUNDLE_IDENTIFIER = programmermuslim.NewCellCustomCell;
				PRODUCT_NAME = "$(TARGET_NAME)";
				SWIFT_VERSION = 4.0;
				TARGETED_DEVICE_FAMILY = "1,2";
			};
			name = Debug;
		};
		9ACC7D7B1F9884D9007D085F /* Release */ = {
			isa = XCBuildConfiguration;
			buildSettings = {
				ASSETCATALOG_COMPILER_APPICON_NAME = AppIcon;
				CODE_SIGN_STYLE = Automatic;
				DEVELOPMENT_TEAM = QN236W67X5;
				INFOPLIST_FILE = NewCellCustomCell/Info.plist;
				LD_RUNPATH_SEARCH_PATHS = "$(inherited) @executable_path/Frameworks";
				PRODUCT_BUNDLE_IDENTIFIER = programmermuslim.NewCellCustomCell;
				PRODUCT_NAME = "$(TARGET_NAME)";
				SWIFT_VERSION = 4.0;
				TARGETED_DEVICE_FAMILY = "1,2";
			};
			name = Release;
		};
		9ACC7D7D1F9884D9007D085F /* Debug */ = {
			isa = XCBuildConfiguration;
			buildSettings = {
				ALWAYS_EMBED_SWIFT_STANDARD_LIBRARIES = YES;
				BUNDLE_LOADER = "$(TEST_HOST)";
				CODE_SIGN_STYLE = Automatic;
				DEVELOPMENT_TEAM = QN236W67X5;
				INFOPLIST_FILE = NewCellCustomCellTests/Info.plist;
				LD_RUNPATH_SEARCH_PATHS = "$(inherited) @executable_path/Frameworks @loader_path/Frameworks";
				PRODUCT_BUNDLE_IDENTIFIER = programmermuslim.NewCellCustomCellTests;
				PRODUCT_NAME = "$(TARGET_NAME)";
				SWIFT_VERSION = 4.0;
				TARGETED_DEVICE_FAMILY = "1,2";
				TEST_HOST = "$(BUILT_PRODUCTS_DIR)/NewCellCustomCell.app/NewCellCustomCell";
			};
			name = Debug;
		};
		9ACC7D7E1F9884D9007D085F /* Release */ = {
			isa = XCBuildConfiguration;
			buildSettings = {
				ALWAYS_EMBED_SWIFT_STANDARD_LIBRARIES = YES;
				BUNDLE_LOADER = "$(TEST_HOST)";
				CODE_SIGN_STYLE = Automatic;
				DEVELOPMENT_TEAM = QN236W67X5;
				INFOPLIST_FILE = NewCellCustomCellTests/Info.plist;
				LD_RUNPATH_SEARCH_PATHS = "$(inherited) @executable_path/Frameworks @loader_path/Frameworks";
				PRODUCT_BUNDLE_IDENTIFIER = programmermuslim.NewCellCustomCellTests;
				PRODUCT_NAME = "$(TARGET_NAME)";
				SWIFT_VERSION = 4.0;
				TARGETED_DEVICE_FAMILY = "1,2";
				TEST_HOST = "$(BUILT_PRODUCTS_DIR)/NewCellCustomCell.app/NewCellCustomCell";
			};
			name = Release;
		};
		9ACC7D801F9884D9007D085F /* Debug */ = {
			isa = XCBuildConfiguration;
			buildSettings = {
				ALWAYS_EMBED_SWIFT_STANDARD_LIBRARIES = YES;
				CODE_SIGN_STYLE = Automatic;
				DEVELOPMENT_TEAM = QN236W67X5;
				INFOPLIST_FILE = NewCellCustomCellUITests/Info.plist;
				LD_RUNPATH_SEARCH_PATHS = "$(inherited) @executable_path/Frameworks @loader_path/Frameworks";
				PRODUCT_BUNDLE_IDENTIFIER = programmermuslim.NewCellCustomCellUITests;
				PRODUCT_NAME = "$(TARGET_NAME)";
				SWIFT_VERSION = 4.0;
				TARGETED_DEVICE_FAMILY = "1,2";
				TEST_TARGET_NAME = NewCellCustomCell;
			};
			name = Debug;
		};
		9ACC7D811F9884D9007D085F /* Release */ = {
			isa = XCBuildConfiguration;
			buildSettings = {
				ALWAYS_EMBED_SWIFT_STANDARD_LIBRARIES = YES;
				CODE_SIGN_STYLE = Automatic;
				DEVELOPMENT_TEAM = QN236W67X5;
				INFOPLIST_FILE = NewCellCustomCellUITests/Info.plist;
				LD_RUNPATH_SEARCH_PATHS = "$(inherited) @executable_path/Frameworks @loader_path/Frameworks";
				PRODUCT_BUNDLE_IDENTIFIER = programmermuslim.NewCellCustomCellUITests;
				PRODUCT_NAME = "$(TARGET_NAME)";
				SWIFT_VERSION = 4.0;
				TARGETED_DEVICE_FAMILY = "1,2";
				TEST_TARGET_NAME = NewCellCustomCell;
			};
			name = Release;
		};
/* End XCBuildConfiguration section */

/* Begin XCConfigurationList section */
		9ACC7D4C1F9884D9007D085F /* Build configuration list for PBXProject "NewCellCustomCell" */ = {
			isa = XCConfigurationList;
			buildConfigurations = (
				9ACC7D771F9884D9007D085F /* Debug */,
				9ACC7D781F9884D9007D085F /* Release */,
			);
			defaultConfigurationIsVisible = 0;
			defaultConfigurationName = Release;
		};
		9ACC7D791F9884D9007D085F /* Build configuration list for PBXNativeTarget "NewCellCustomCell" */ = {
			isa = XCConfigurationList;
			buildConfigurations = (
				9ACC7D7A1F9884D9007D085F /* Debug */,
				9ACC7D7B1F9884D9007D085F /* Release */,
			);
			defaultConfigurationIsVisible = 0;
			defaultConfigurationName = Release;
		};
		9ACC7D7C1F9884D9007D085F /* Build configuration list for PBXNativeTarget "NewCellCustomCellTests" */ = {
			isa = XCConfigurationList;
			buildConfigurations = (
				9ACC7D7D1F9884D9007D085F /* Debug */,
				9ACC7D7E1F9884D9007D085F /* Release */,
			);
			defaultConfigurationIsVisible = 0;
			defaultConfigurationName = Release;
		};
		9ACC7D7F1F9884D9007D085F /* Build configuration list for PBXNativeTarget "NewCellCustomCellUITests" */ = {
			isa = XCConfigurationList;
			buildConfigurations = (
				9ACC7D801F9884D9007D085F /* Debug */,
				9ACC7D811F9884D9007D085F /* Release */,
			);
			defaultConfigurationIsVisible = 0;
			defaultConfigurationName = Release;
		};
/* End XCConfigurationList section */
	};
	rootObject = 9ACC7D491F9884D9007D085F /* Project object */;
}
